PODS:
  - ACFloatingTextfield-Swift (1.7)
  - Alamofire (4.6.0)
  - CardIO (5.4.1)
  - Crashlytics (3.9.3):
    - Fabric (~> 1.7.2)
  - CreditCardForm (0.1.8)
  - DropDown (2.3.12)
  - Fabric (1.7.3)
  - Firebase/Core (4.8.2):
    - FirebaseAnalytics (= 4.0.9)
    - FirebaseCore (= 4.0.14)
  - Firebase/Messaging (4.8.2):
    - Firebase/Core
    - FirebaseMessaging (= 2.0.8)
  - FirebaseAnalytics (4.0.9):
    - FirebaseCore (~> 4.0)
    - FirebaseInstanceID (~> 2.0)
    - "GoogleToolboxForMac/NSData+zlib (~> 2.1)"
    - nanopb (~> 0.3)
  - FirebaseCore (4.0.14):
    - "GoogleToolboxForMac/NSData+zlib (~> 2.1)"
  - FirebaseInstanceID (2.0.8):
    - FirebaseCore (~> 4.0)
  - FirebaseMessaging (2.0.8):
    - FirebaseAnalytics (~> 4.0)
    - FirebaseCore (~> 4.0)
    - FirebaseInstanceID (~> 2.0)
    - GoogleToolboxForMac/Logger (~> 2.1)
    - Protobuf (~> 3.1)
  - FloatRatingView (3.0)
  - FormTextField (2.0.1)
  - GoogleAnalytics (3.17.0)
  - GoogleMaps (2.5.0):
    - GoogleMaps/Maps (= 2.5.0)
  - GoogleMaps/Base (2.5.0)
  - GoogleMaps/Maps (2.5.0):
    - GoogleMaps/Base
  - GooglePlacePicker (2.5.0):
    - GoogleMaps (= 2.5.0)
    - GooglePlaces (= 2.5.0)
  - GooglePlaces (2.5.0):
    - GoogleMaps/Base (= 2.5.0)
  - GoogleToolboxForMac/Defines (2.1.3)
  - GoogleToolboxForMac/Logger (2.1.3):
    - GoogleToolboxForMac/Defines (= 2.1.3)
  - "GoogleToolboxForMac/NSData+zlib (2.1.3)":
    - GoogleToolboxForMac/Defines (= 2.1.3)
  - IQDropDownTextField (1.1.1)
  - IQKeyboardManagerSwift (6.2.0)
  - M13Checkbox (3.3.2)
  - MarqueeLabel/Swift (3.1.4)
  - nanopb (0.3.8):
    - nanopb/decode (= 0.3.8)
    - nanopb/encode (= 0.3.8)
  - nanopb/decode (0.3.8)
  - nanopb/encode (0.3.8)
  - NVActivityIndicatorView (4.6.1):
    - NVActivityIndicatorView/Presenter (= 4.6.1)
  - NVActivityIndicatorView/Presenter (4.6.1)
  - Protobuf (3.5.0)
  - SDWebImage (4.3.0):
    - SDWebImage/Core (= 4.3.0)
  - SDWebImage/Core (4.3.0)
  - SideMenuSwift (1.0.1)
  - Socket.IO-Client-Swift (14.0.0):
    - Starscream (~> 3.0.6)
  - SRCountdownTimer (1.1)
  - Starscream (3.0.6)

DEPENDENCIES:
  - ACFloatingTextfield-Swift
  - Alamofire
  - CardIO
  - Crashlytics
  - CreditCardForm
  - DropDown
  - Fabric
  - Firebase/Core
  - Firebase/Messaging
  - FloatRatingView
  - FormTextField
  - GoogleAnalytics
  - GoogleMaps
  - GooglePlacePicker
  - GooglePlaces
  - IQDropDownTextField
  - IQKeyboardManagerSwift
  - M13Checkbox
  - MarqueeLabel/Swift
  - NVActivityIndicatorView
  - SDWebImage
  - SideMenuSwift
  - Socket.IO-Client-Swift (= 14.0.0)
  - SRCountdownTimer

SPEC REPOS:
  https://github.com/cocoapods/specs.git:
    - ACFloatingTextfield-Swift
    - Alamofire
    - CardIO
    - Crashlytics
    - CreditCardForm
    - DropDown
    - Fabric
    - Firebase
    - FirebaseAnalytics
    - FirebaseCore
    - FirebaseInstanceID
    - FirebaseMessaging
    - FloatRatingView
    - FormTextField
    - GoogleAnalytics
    - GoogleMaps
    - GooglePlacePicker
    - GooglePlaces
    - GoogleToolboxForMac
    - IQDropDownTextField
    - IQKeyboardManagerSwift
    - M13Checkbox
    - MarqueeLabel
    - nanopb
    - NVActivityIndicatorView
    - Protobuf
    - SDWebImage
    - SideMenuSwift
    - Socket.IO-Client-Swift
    - SRCountdownTimer
    - Starscream

SPEC CHECKSUMS:
  ACFloatingTextfield-Swift: df075d5ed5d441d8603f985fc106ec7ebe0c673f
  Alamofire: f41a599bd63041760b26d393ec1069d9d7b917f4
  CardIO: 56983b39b62f495fc6dae9ad7cf875143df06443
  Crashlytics: dbb07d01876c171c5ccbdf7826410380189e452c
  CreditCardForm: 7e67bc394545eda9e502652af0858552b4931728
  DropDown: 0bcc278799ec11a3d34ce1aac9367fbbaf5423d9
  Fabric: bb495bb9a7a7677c6d03a1f8b83d95bc49b47e41
  Firebase: 7d3b8cd837ad9fcd391657734c0d56dab8e9a5a3
  FirebaseAnalytics: 388b630c15713f5dbf364071f5f3d6077fb52f4e
  FirebaseCore: 2e0b98fb2d64ca8140136beff15772bdd14d2dd7
  FirebaseInstanceID: 81df5805a08001e69138664bdd02c6719a9ac80f
  FirebaseMessaging: dfdcd307c2382290a1e297a81d0f18370f5b1bcd
  FloatRatingView: 0f7b45733124516ac6b8f535e5b5f4fa2e122180
  FormTextField: 061cd39ee77d5fb3d87b2e5a00728e2c874b3904
  GoogleAnalytics: f42cc53a87a51fe94334821868d9c8481ff47a7b
  GoogleMaps: c087b8e5dfe87ca6ebf59adb9b4894a4146bec4f
  GooglePlacePicker: 1573e644ab54564d95c2643edc0f29091609e966
  GooglePlaces: dd70d9d71ea1c7944846afe67de3712c99b30a77
  GoogleToolboxForMac: 2501e2ad72a52eb3dfe7bd9aee7dad11b858bd20
  IQDropDownTextField: 3d2e5728a2b83ff5dbb14cb9b497a80005124cbe
  IQKeyboardManagerSwift: b07ccf9d8cafe993dcd6cb794eb4ba34611a0c4e
  M13Checkbox: d75dca81d61c9903e7f091f32b35a3254bc97dce
  MarqueeLabel: bf768455fe88d427f71476ebb23f9092b660f40b
  nanopb: 5601e6bca2dbf1ed831b519092ec110f66982ca3
  NVActivityIndicatorView: 4ca19fccc84595a78957336a086d00a49be6ce61
  Protobuf: 8a9838fba8dae3389230e1b7f8c104aa32389c03
  SDWebImage: 6da6c8bca115addc4de8613362e1b15f66333825
  SideMenuSwift: a78d47182aa03b5c07570fe57d3ba22c4561f2ce
  Socket.IO-Client-Swift: 21e6a8a23a7d367d5ddfab6cbbd3c679cf3c25d6
  SRCountdownTimer: 9c92e444b5403c92f01dd6610299b8c634bc8562
  Starscream: ef3ece99d765eeccb67de105bfa143f929026cf5

PODFILE CHECKSUM: 48131c5184048a0bd320ea6f114a9c49abdf07e3

COCOAPODS: 1.5.3
